// !$*UTF8*$!
{
	archiveVersion = 1;
	classes = {
	};
	objectVersion = 56;
	objects = {

/* Begin PBXBuildFile section */
		4F83C63794B29D631B14B4C0 /* Pods_GTracker.framework in Frameworks */ = {isa = PBXBuildFile; fileRef = B45874A9F4C5DDB1BEE8B71B /* Pods_GTracker.framework */; };
		6EFD4E002AE2A93000ECBC14 /* AppDelegate.swift in Sources */ = {isa = PBXBuildFile; fileRef = 6EFD4DFF2AE2A93000ECBC14 /* AppDelegate.swift */; };
		6EFD4E022AE2A93000ECBC14 /* SceneDelegate.swift in Sources */ = {isa = PBXBuildFile; fileRef = 6EFD4E012AE2A93000ECBC14 /* SceneDelegate.swift */; };
		6EFD4E042AE2A93000ECBC14 /* ViewController.swift in Sources */ = {isa = PBXBuildFile; fileRef = 6EFD4E032AE2A93000ECBC14 /* ViewController.swift */; };
		6EFD4E072AE2A93000ECBC14 /* Main.storyboard in Resources */ = {isa = PBXBuildFile; fileRef = 6EFD4E052AE2A93000ECBC14 /* Main.storyboard */; };
		6EFD4E092AE2A93300ECBC14 /* Assets.xcassets in Resources */ = {isa = PBXBuildFile; fileRef = 6EFD4E082AE2A93300ECBC14 /* Assets.xcassets */; };
		6EFD4E0C2AE2A93300ECBC14 /* LaunchScreen.storyboard in Resources */ = {isa = PBXBuildFile; fileRef = 6EFD4E0A2AE2A93300ECBC14 /* LaunchScreen.storyboard */; };
/* End PBXBuildFile section */

/* Begin PBXFileReference section */
		4D088FFD62582745FCD7F54F /* Pods-GTracker.debug.xcconfig */ = {isa = PBXFileReference; includeInIndex = 1; lastKnownFileType = text.xcconfig; name = "Pods-GTracker.debug.xcconfig"; path = "Target Support Files/Pods-GTracker/Pods-GTracker.debug.xcconfig"; sourceTree = "<group>"; };
		6EFD4DFC2AE2A93000ECBC14 /* GTracker.app */ = {isa = PBXFileReference; explicitFileType = wrapper.application; includeInIndex = 0; path = GTracker.app; sourceTree = BUILT_PRODUCTS_DIR; };
		6EFD4DFF2AE2A93000ECBC14 /* AppDelegate.swift */ = {isa = PBXFileReference; lastKnownFileType = sourcecode.swift; path = AppDelegate.swift; sourceTree = "<group>"; };
		6EFD4E012AE2A93000ECBC14 /* SceneDelegate.swift */ = {isa = PBXFileReference; lastKnownFileType = sourcecode.swift; path = SceneDelegate.swift; sourceTree = "<group>"; };
		6EFD4E032AE2A93000ECBC14 /* ViewController.swift */ = {isa = PBXFileReference; lastKnownFileType = sourcecode.swift; path = ViewController.swift; sourceTree = "<group>"; };
		6EFD4E062AE2A93000ECBC14 /* Base */ = {isa = PBXFileReference; lastKnownFileType = file.storyboard; name = Base; path = Base.lproj/Main.storyboard; sourceTree = "<group>"; };
		6EFD4E082AE2A93300ECBC14 /* Assets.xcassets */ = {isa = PBXFileReference; lastKnownFileType = folder.assetcatalog; path = Assets.xcassets; sourceTree = "<group>"; };
		6EFD4E0B2AE2A93300ECBC14 /* Base */ = {isa = PBXFileReference; lastKnownFileType = file.storyboard; name = Base; path = Base.lproj/LaunchScreen.storyboard; sourceTree = "<group>"; };
		6EFD4E0D2AE2A93300ECBC14 /* Info.plist */ = {isa = PBXFileReference; lastKnownFileType = text.plist.xml; path = Info.plist; sourceTree = "<group>"; };
		833C10EAA71C896B459FFBED /* Pods-GTracker.release.xcconfig */ = {isa = PBXFileReference; includeInIndex = 1; lastKnownFileType = text.xcconfig; name = "Pods-GTracker.release.xcconfig"; path = "Target Support Files/Pods-GTracker/Pods-GTracker.release.xcconfig"; sourceTree = "<group>"; };
		B45874A9F4C5DDB1BEE8B71B /* Pods_GTracker.framework */ = {isa = PBXFileReference; explicitFileType = wrapper.framework; includeInIndex = 0; path = Pods_GTracker.framework; sourceTree = BUILT_PRODUCTS_DIR; };
/* End PBXFileReference section */

/* Begin PBXFrameworksBuildPhase section */
		6EFD4DF92AE2A93000ECBC14 /* Frameworks */ = {
			isa = PBXFrameworksBuildPhase;
			buildActionMask = 2147483647;
			files = (
				4F83C63794B29D631B14B4C0 /* Pods_GTracker.framework in Frameworks */,
			);
			runOnlyForDeploymentPostprocessing = 0;
		};
/* End PBXFrameworksBuildPhase section */

/* Begin PBXGroup section */
		08D10B4D71AB8877C1949CA5 /* Frameworks */ = {
			isa = PBXGroup;
			children = (
				B45874A9F4C5DDB1BEE8B71B /* Pods_GTracker.framework */,
			);
			name = Frameworks;
			sourceTree = "<group>";
		};
		6EFD4DF32AE2A93000ECBC14 = {
			isa = PBXGroup;
			children = (
				6EFD4DFE2AE2A93000ECBC14 /* GTracker */,
				6EFD4DFD2AE2A93000ECBC14 /* Products */,
				CFC78369C2C091608F51E23C /* Pods */,
				08D10B4D71AB8877C1949CA5 /* Frameworks */,
			);
			sourceTree = "<group>";
		};
		6EFD4DFD2AE2A93000ECBC14 /* Products */ = {
			isa = PBXGroup;
			children = (
				6EFD4DFC2AE2A93000ECBC14 /* GTracker.app */,
			);
			name = Products;
			sourceTree = "<group>";
		};
		6EFD4DFE2AE2A93000ECBC14 /* GTracker */ = {
			isa = PBXGroup;
			children = (
				6EFD4DFF2AE2A93000ECBC14 /* AppDelegate.swift */,
				6EFD4E012AE2A93000ECBC14 /* SceneDelegate.swift */,
				6EFD4E032AE2A93000ECBC14 /* ViewController.swift */,
				6EFD4E052AE2A93000ECBC14 /* Main.storyboard */,
				6EFD4E082AE2A93300ECBC14 /* Assets.xcassets */,
				6EFD4E0A2AE2A93300ECBC14 /* LaunchScreen.storyboard */,
				6EFD4E0D2AE2A93300ECBC14 /* Info.plist */,
			);
			path = GTracker;
			sourceTree = "<group>";
		};
		CFC78369C2C091608F51E23C /* Pods */ = {
			isa = PBXGroup;
			children = (
				4D088FFD62582745FCD7F54F /* Pods-GTracker.debug.xcconfig */,
				833C10EAA71C896B459FFBED /* Pods-GTracker.release.xcconfig */,
			);
			path = Pods;
			sourceTree = "<group>";
		};
/* End PBXGroup section */

/* Begin PBXNativeTarget section */
		6EFD4DFB2AE2A93000ECBC14 /* GTracker */ = {
			isa = PBXNativeTarget;
			buildConfigurationList = 6EFD4E102AE2A93300ECBC14 /* Build configuration list for PBXNativeTarget "GTracker" */;
			buildPhases = (
				73AD4FD68CA92757A92EB515 /* [CP] Check Pods Manifest.lock */,
				6EFD4DF82AE2A93000ECBC14 /* Sources */,
				6EFD4DF92AE2A93000ECBC14 /* Frameworks */,
				6EFD4DFA2AE2A93000ECBC14 /* Resources */,
				4D86CE1BDD3A388B341C6CEF /* [CP] Embed Pods Frameworks */,
			);
			buildRules = (
			);
			dependencies = (
			);
			name = GTracker;
			productName = GTracker;
			productReference = 6EFD4DFC2AE2A93000ECBC14 /* GTracker.app */;
			productType = "com.apple.product-type.application";
		};
/* End PBXNativeTarget section */

/* Begin PBXProject section */
		6EFD4DF42AE2A93000ECBC14 /* Project object */ = {
			isa = PBXProject;
			attributes = {
				BuildIndependentTargetsInParallel = 1;
				LastSwiftUpdateCheck = 1500;
				LastUpgradeCheck = 1500;
				TargetAttributes = {
					6EFD4DFB2AE2A93000ECBC14 = {
						CreatedOnToolsVersion = 15.0;
					};
				};
			};
			buildConfigurationList = 6EFD4DF72AE2A93000ECBC14 /* Build configuration list for PBXProject "GTracker" */;
			compatibilityVersion = "Xcode 14.0";
			developmentRegion = en;
			hasScannedForEncodings = 0;
			knownRegions = (
				en,
				Base,
			);
			mainGroup = 6EFD4DF32AE2A93000ECBC14;
			productRefGroup = 6EFD4DFD2AE2A93000ECBC14 /* Products */;
			projectDirPath = "";
			projectRoot = "";
			targets = (
				6EFD4DFB2AE2A93000ECBC14 /* GTracker */,
			);
		};
/* End PBXProject section */

/* Begin PBXResourcesBuildPhase section */
		6EFD4DFA2AE2A93000ECBC14 /* Resources */ = {
			isa = PBXResourcesBuildPhase;
			buildActionMask = 2147483647;
			files = (
				6EFD4E0C2AE2A93300ECBC14 /* LaunchScreen.storyboard in Resources */,
				6EFD4E092AE2A93300ECBC14 /* Assets.xcassets in Resources */,
				6EFD4E072AE2A93000ECBC14 /* Main.storyboard in Resources */,
			);
			runOnlyForDeploymentPostprocessing = 0;
		};
/* End PBXResourcesBuildPhase section */

/* Begin PBXShellScriptBuildPhase section */
		4D86CE1BDD3A388B341C6CEF /* [CP] Embed Pods Frameworks */ = {
			isa = PBXShellScriptBuildPhase;
			buildActionMask = 2147483647;
			files = (
			);
			inputFileListPaths = (
				"${PODS_ROOT}/Target Support Files/Pods-GTracker/Pods-GTracker-frameworks-${CONFIGURATION}-input-files.xcfilelist",
			);
			name = "[CP] Embed Pods Frameworks";
			outputFileListPaths = (
				"${PODS_ROOT}/Target Support Files/Pods-GTracker/Pods-GTracker-frameworks-${CONFIGURATION}-output-files.xcfilelist",
			);
			runOnlyForDeploymentPostprocessing = 0;
			shellPath = /bin/sh;
			shellScript = "\"${PODS_ROOT}/Target Support Files/Pods-GTracker/Pods-GTracker-frameworks.sh\"\n";
			showEnvVarsInLog = 0;
		};
		73AD4FD68CA92757A92EB515 /* [CP] Check Pods Manifest.lock */ = {
			isa = PBXShellScriptBuildPhase;
			buildActionMask = 2147483647;
			files = (
			);
			inputFileListPaths = (
			);
			inputPaths = (
				"${PODS_PODFILE_DIR_PATH}/Podfile.lock",
				"${PODS_ROOT}/Manifest.lock",
			);
			name = "[CP] Check Pods Manifest.lock";
			outputFileListPaths = (
			);
			outputPaths = (
				"$(DERIVED_FILE_DIR)/Pods-GTracker-checkManifestLockResult.txt",
			);
			runOnlyForDeploymentPostprocessing = 0;
			shellPath = /bin/sh;
			shellScript = "diff \"${PODS_PODFILE_DIR_PATH}/Podfile.lock\" \"${PODS_ROOT}/Manifest.lock\" > /dev/null\nif [ $? != 0 ] ; then\n    # print error to STDERR\n    echo \"error: The sandbox is not in sync with the Podfile.lock. Run 'pod install' or update your CocoaPods installation.\" >&2\n    exit 1\nfi\n# This output is used by Xcode 'outputs' to avoid re-running this script phase.\necho \"SUCCESS\" > \"${SCRIPT_OUTPUT_FILE_0}\"\n";
			showEnvVarsInLog = 0;
		};
/* End PBXShellScriptBuildPhase section */

/* Begin PBXSourcesBuildPhase section */
		6EFD4DF82AE2A93000ECBC14 /* Sources */ = {
			isa = PBXSourcesBuildPhase;
			buildActionMask = 2147483647;
			files = (
				6EFD4E042AE2A93000ECBC14 /* ViewController.swift in Sources */,
				6EFD4E002AE2A93000ECBC14 /* AppDelegate.swift in Sources */,
				6EFD4E022AE2A93000ECBC14 /* SceneDelegate.swift in Sources */,
			);
			runOnlyForDeploymentPostprocessing = 0;
		};
/* End PBXSourcesBuildPhase section */

/* Begin PBXVariantGroup section */
		6EFD4E052AE2A93000ECBC14 /* Main.storyboard */ = {
			isa = PBXVariantGroup;
			children = (
				6EFD4E062AE2A93000ECBC14 /* Base */,
			);
			name = Main.storyboard;
			sourceTree = "<group>";
		};
		6EFD4E0A2AE2A93300ECBC14 /* LaunchScreen.storyboard */ = {
			isa = PBXVariantGroup;
			children = (
				6EFD4E0B2AE2A93300ECBC14 /* Base */,
			);
			name = LaunchScreen.storyboard;
			sourceTree = "<group>";
		};
/* End PBXVariantGroup section */

/* Begin XCBuildConfiguration section */
		6EFD4E0E2AE2A93300ECBC14 /* Debug */ = {
			isa = XCBuildConfiguration;
			buildSettings = {
				ALWAYS_SEARCH_USER_PATHS = NO;
				ASSETCATALOG_COMPILER_GENERATE_SWIFT_ASSET_SYMBOL_EXTENSIONS = YES;
				CLANG_ANALYZER_NONNULL = YES;
				CLANG_ANALYZER_NUMBER_OBJECT_CONVERSION = YES_AGGRESSIVE;
				CLANG_CXX_LANGUAGE_STANDARD = "gnu++20";
				CLANG_ENABLE_MODULES = YES;
				CLANG_ENABLE_OBJC_ARC = YES;
				CLANG_ENABLE_OBJC_WEAK = YES;
				CLANG_WARN_BLOCK_CAPTURE_AUTORELEASING = YES;
				CLANG_WARN_BOOL_CONVERSION = YES;
				CLANG_WARN_COMMA = YES;
				CLANG_WARN_CONSTANT_CONVERSION = YES;
				CLANG_WARN_DEPRECATED_OBJC_IMPLEMENTATIONS = YES;
				CLANG_WARN_DIRECT_OBJC_ISA_USAGE = YES_ERROR;
				CLANG_WARN_DOCUMENTATION_COMMENTS = YES;
				CLANG_WARN_EMPTY_BODY = YES;
				CLANG_WARN_ENUM_CONVERSION = YES;
				CLANG_WARN_INFINITE_RECURSION = YES;
				CLANG_WARN_INT_CONVERSION = YES;
				CLANG_WARN_NON_LITERAL_NULL_CONVERSION = YES;
				CLANG_WARN_OBJC_IMPLICIT_RETAIN_SELF = YES;
				CLANG_WARN_OBJC_LITERAL_CONVERSION = YES;
				CLANG_WARN_OBJC_ROOT_CLASS = YES_ERROR;
				CLANG_WARN_QUOTED_INCLUDE_IN_FRAMEWORK_HEADER = YES;
				CLANG_WARN_RANGE_LOOP_ANALYSIS = YES;
				CLANG_WARN_STRICT_PROTOTYPES = YES;
				CLANG_WARN_SUSPICIOUS_MOVE = YES;
				CLANG_WARN_UNGUARDED_AVAILABILITY = YES_AGGRESSIVE;
				CLANG_WARN_UNREACHABLE_CODE = YES;
				CLANG_WARN__DUPLICATE_METHOD_MATCH = YES;
				COPY_PHASE_STRIP = NO;
				DEBUG_INFORMATION_FORMAT = dwarf;
				ENABLE_STRICT_OBJC_MSGSEND = YES;
				ENABLE_TESTABILITY = YES;
				ENABLE_USER_SCRIPT_SANDBOXING = NO;
				GCC_C_LANGUAGE_STANDARD = gnu17;
				GCC_DYNAMIC_NO_PIC = NO;
				GCC_NO_COMMON_BLOCKS = YES;
				GCC_OPTIMIZATION_LEVEL = 0;
				GCC_PREPROCESSOR_DEFINITIONS = (
					"DEBUG=1",
					"$(inherited)",
				);
				GCC_WARN_64_TO_32_BIT_CONVERSION = YES;
				GCC_WARN_ABOUT_RETURN_TYPE = YES_ERROR;
				GCC_WARN_UNDECLARED_SELECTOR = YES;
				GCC_WARN_UNINITIALIZED_AUTOS = YES_AGGRESSIVE;
				GCC_WARN_UNUSED_FUNCTION = YES;
				GCC_WARN_UNUSED_VARIABLE = YES;
				IPHONEOS_DEPLOYMENT_TARGET = 17.0;
				LOCALIZATION_PREFERS_STRING_CATALOGS = YES;
				MTL_ENABLE_DEBUG_INFO = INCLUDE_SOURCE;
				MTL_FAST_MATH = YES;
				ONLY_ACTIVE_ARCH = YES;
				SDKROOT = iphoneos;
				SWIFT_ACTIVE_COMPILATION_CONDITIONS = "DEBUG $(inherited)";
				SWIFT_OPTIMIZATION_LEVEL = "-Onone";
			};
			name = Debug;
		};
		6EFD4E0F2AE2A93300ECBC14 /* Release */ = {
			isa = XCBuildConfiguration;
			buildSettings = {
				ALWAYS_SEARCH_USER_PATHS = NO;
				ASSETCATALOG_COMPILER_GENERATE_SWIFT_ASSET_SYMBOL_EXTENSIONS = YES;
				CLANG_ANALYZER_NONNULL = YES;
				CLANG_ANALYZER_NUMBER_OBJECT_CONVERSION = YES_AGGRESSIVE;
				CLANG_CXX_LANGUAGE_STANDARD = "gnu++20";
				CLANG_ENABLE_MODULES = YES;
				CLANG_ENABLE_OBJC_ARC = YES;
				CLANG_ENABLE_OBJC_WEAK = YES;
				CLANG_WARN_BLOCK_CAPTURE_AUTORELEASING = YES;
				CLANG_WARN_BOOL_CONVERSION = YES;
				CLANG_WARN_COMMA = YES;
				CLANG_WARN_CONSTANT_CONVERSION = YES;
				CLANG_WARN_DEPRECATED_OBJC_IMPLEMENTATIONS = YES;
				CLANG_WARN_DIRECT_OBJC_ISA_USAGE = YES_ERROR;
				CLANG_WARN_DOCUMENTATION_COMMENTS = YES;
				CLANG_WARN_EMPTY_BODY = YES;
				CLANG_WARN_ENUM_CONVERSION = YES;
				CLANG_WARN_INFINITE_RECURSION = YES;
				CLANG_WARN_INT_CONVERSION = YES;
				CLANG_WARN_NON_LITERAL_NULL_CONVERSION = YES;
				CLANG_WARN_OBJC_IMPLICIT_RETAIN_SELF = YES;
				CLANG_WARN_OBJC_LITERAL_CONVERSION = YES;
				CLANG_WARN_OBJC_ROOT_CLASS = YES_ERROR;
				CLANG_WARN_QUOTED_INCLUDE_IN_FRAMEWORK_HEADER = YES;
				CLANG_WARN_RANGE_LOOP_ANALYSIS = YES;
				CLANG_WARN_STRICT_PROTOTYPES = YES;
				CLANG_WARN_SUSPICIOUS_MOVE = YES;
				CLANG_WARN_UNGUARDED_AVAILABILITY = YES_AGGRESSIVE;
				CLANG_WARN_UNREACHABLE_CODE = YES;
				CLANG_WARN__DUPLICATE_METHOD_MATCH = YES;
				COPY_PHASE_STRIP = NO;
				DEBUG_INFORMATION_FORMAT = "dwarf-with-dsym";
				ENABLE_NS_ASSERTIONS = NO;
				ENABLE_STRICT_OBJC_MSGSEND = YES;
				ENABLE_USER_SCRIPT_SANDBOXING = NO;
				GCC_C_LANGUAGE_STANDARD = gnu17;
				GCC_NO_COMMON_BLOCKS = YES;
				GCC_WARN_64_TO_32_BIT_CONVERSION = YES;
				GCC_WARN_ABOUT_RETURN_TYPE = YES_ERROR;
				GCC_WARN_UNDECLARED_SELECTOR = YES;
				GCC_WARN_UNINITIALIZED_AUTOS = YES_AGGRESSIVE;
				GCC_WARN_UNUSED_FUNCTION = YES;
				GCC_WARN_UNUSED_VARIABLE = YES;
				IPHONEOS_DEPLOYMENT_TARGET = 17.0;
				LOCALIZATION_PREFERS_STRING_CATALOGS = YES;
				MTL_ENABLE_DEBUG_INFO = NO;
				MTL_FAST_MATH = YES;
				SDKROOT = iphoneos;
				SWIFT_COMPILATION_MODE = wholemodule;
				VALIDATE_PRODUCT = YES;
			};
			name = Release;
		};
		6EFD4E112AE2A93300ECBC14 /* Debug */ = {
			isa = XCBuildConfiguration;
			baseConfigurationReference = 4D088FFD62582745FCD7F54F /* Pods-GTracker.debug.xcconfig */;
			buildSettings = {
				ASSETCATALOG_COMPILER_APPICON_NAME = AppIcon;
				ASSETCATALOG_COMPILER_GLOBAL_ACCENT_COLOR_NAME = AccentColor;
				CODE_SIGN_STYLE = Automatic;
				CURRENT_PROJECT_VERSION = 1;
				DEVELOPMENT_TEAM = MZJ94ZA8T8;
				GENERATE_INFOPLIST_FILE = YES;
				INFOPLIST_FILE = GTracker/Info.plist;
				INFOPLIST_KEY_UIApplicationSupportsIndirectInputEvents = YES;
				INFOPLIST_KEY_UILaunchStoryboardName = LaunchScreen;
				INFOPLIST_KEY_UIMainStoryboardFile = Main;
				INFOPLIST_KEY_UISupportedInterfaceOrientations_iPad = "UIInterfaceOrientationPortrait UIInterfaceOrientationPortraitUpsideDown UIInterfaceOrientationLandscapeLeft UIInterfaceOrientationLandscapeRight";
				INFOPLIST_KEY_UISupportedInterfaceOrientations_iPhone = "UIInterfaceOrientationPortrait UIInterfaceOrientationLandscapeLeft UIInterfaceOrientationLandscapeRight";
				LD_RUNPATH_SEARCH_PATHS = (
					"$(inherited)",
					"@executable_path/Frameworks",
				);
				MARKETING_VERSION = 1.0;
				PRODUCT_BUNDLE_IDENTIFIER = MVP.GTracker;
				PRODUCT_NAME = "$(TARGET_NAME)";
				SWIFT_EMIT_LOC_STRINGS = YES;
				SWIFT_VERSION = 5.0;
				TARGETED_DEVICE_FAMILY = "1,2";
			};
			name = Debug;
		};
		6EFD4E122AE2A93300ECBC14 /* Release */ = {
			isa = XCBuildConfiguration;
			baseConfigurationReference = 833C10EAA71C896B459FFBED /* Pods-GTracker.release.xcconfig */;
			buildSettings = {
				ASSETCATALOG_COMPILER_APPICON_NAME = AppIcon;
				ASSETCATALOG_COMPILER_GLOBAL_ACCENT_COLOR_NAME = AccentColor;
				CODE_SIGN_STYLE = Automatic;
				CURRENT_PROJECT_VERSION = 1;
				DEVELOPMENT_TEAM = MZJ94ZA8T8;
				GENERATE_INFOPLIST_FILE = YES;
				INFOPLIST_FILE = GTracker/Info.plist;
				INFOPLIST_KEY_UIApplicationSupportsIndirectInputEvents = YES;
				INFOPLIST_KEY_UILaunchStoryboardName = LaunchScreen;
				INFOPLIST_KEY_UIMainStoryboardFile = Main;
				INFOPLIST_KEY_UISupportedInterfaceOrientations_iPad = "UIInterfaceOrientationPortrait UIInterfaceOrientationPortraitUpsideDown UIInterfaceOrientationLandscapeLeft UIInterfaceOrientationLandscapeRight";
				INFOPLIST_KEY_UISupportedInterfaceOrientations_iPhone = "UIInterfaceOrientationPortrait UIInterfaceOrientationLandscapeLeft UIInterfaceOrientationLandscapeRight";
				LD_RUNPATH_SEARCH_PATHS = (
					"$(inherited)",
					"@executable_path/Frameworks",
				);
				MARKETING_VERSION = 1.0;
				PRODUCT_BUNDLE_IDENTIFIER = MVP.GTracker;
				PRODUCT_NAME = "$(TARGET_NAME)";
				SWIFT_EMIT_LOC_STRINGS = YES;
				SWIFT_VERSION = 5.0;
				TARGETED_DEVICE_FAMILY = "1,2";
			};
			name = Release;
		};
/* End XCBuildConfiguration section */

/* Begin XCConfigurationList section */
		6EFD4DF72AE2A93000ECBC14 /* Build configuration list for PBXProject "GTracker" */ = {
			isa = XCConfigurationList;
			buildConfigurations = (
				6EFD4E0E2AE2A93300ECBC14 /* Debug */,
				6EFD4E0F2AE2A93300ECBC14 /* Release */,
			);
			defaultConfigurationIsVisible = 0;
			defaultConfigurationName = Release;
		};
		6EFD4E102AE2A93300ECBC14 /* Build configuration list for PBXNativeTarget "GTracker" */ = {
			isa = XCConfigurationList;
			buildConfigurations = (
				6EFD4E112AE2A93300ECBC14 /* Debug */,
				6EFD4E122AE2A93300ECBC14 /* Release */,
			);
			defaultConfigurationIsVisible = 0;
			defaultConfigurationName = Release;
		};
/* End XCConfigurationList section */
	};
	rootObject = 6EFD4DF42AE2A93000ECBC14 /* Project object */;
}
